// !$*UTF8*$!
{
	archiveVersion = 1;
	classes = {
	};
	objectVersion = 56;
	objects = {

/* Begin PBXBuildFile section */
		540ADC7829ADE5000060D0F5 /* photoAppApp.swift in Sources */ = {isa = PBXBuildFile; fileRef = 540ADC7729ADE5000060D0F5 /* photoAppApp.swift */; };
		540ADC7A29ADE5000060D0F5 /* ContentView.swift in Sources */ = {isa = PBXBuildFile; fileRef = 540ADC7929ADE5000060D0F5 /* ContentView.swift */; };
		540ADC7C29ADE5010060D0F5 /* Assets.xcassets in Resources */ = {isa = PBXBuildFile; fileRef = 540ADC7B29ADE5010060D0F5 /* Assets.xcassets */; };
		540ADC7F29ADE5010060D0F5 /* Preview Assets.xcassets in Resources */ = {isa = PBXBuildFile; fileRef = 540ADC7E29ADE5010060D0F5 /* Preview Assets.xcassets */; };
		540ADC8929ADE5020060D0F5 /* photoAppTests.swift in Sources */ = {isa = PBXBuildFile; fileRef = 540ADC8829ADE5020060D0F5 /* photoAppTests.swift */; };
		540ADC9329ADE5020060D0F5 /* photoAppUITests.swift in Sources */ = {isa = PBXBuildFile; fileRef = 540ADC9229ADE5020060D0F5 /* photoAppUITests.swift */; };
		540ADC9529ADE5020060D0F5 /* photoAppUITestsLaunchTests.swift in Sources */ = {isa = PBXBuildFile; fileRef = 540ADC9429ADE5020060D0F5 /* photoAppUITestsLaunchTests.swift */; };
/* End PBXBuildFile section */

/* Begin PBXContainerItemProxy section */
		540ADC8529ADE5020060D0F5 /* PBXContainerItemProxy */ = {
			isa = PBXContainerItemProxy;
			containerPortal = 540ADC6C29ADE5000060D0F5 /* Project object */;
			proxyType = 1;
			remoteGlobalIDString = 540ADC7329ADE5000060D0F5;
			remoteInfo = photoApp;
		};
		540ADC8F29ADE5020060D0F5 /* PBXContainerItemProxy */ = {
			isa = PBXContainerItemProxy;
			containerPortal = 540ADC6C29ADE5000060D0F5 /* Project object */;
			proxyType = 1;
			remoteGlobalIDString = 540ADC7329ADE5000060D0F5;
			remoteInfo = photoApp;
		};
/* End PBXContainerItemProxy section */

/* Begin PBXFileReference section */
		540ADC7429ADE5000060D0F5 /* photoApp.app */ = {isa = PBXFileReference; explicitFileType = wrapper.application; includeInIndex = 0; path = photoApp.app; sourceTree = BUILT_PRODUCTS_DIR; };
		540ADC7729ADE5000060D0F5 /* photoAppApp.swift */ = {isa = PBXFileReference; lastKnownFileType = sourcecode.swift; path = photoAppApp.swift; sourceTree = "<group>"; };
		540ADC7929ADE5000060D0F5 /* ContentView.swift */ = {isa = PBXFileReference; lastKnownFileType = sourcecode.swift; path = ContentView.swift; sourceTree = "<group>"; };
		540ADC7B29ADE5010060D0F5 /* Assets.xcassets */ = {isa = PBXFileReference; lastKnownFileType = folder.assetcatalog; path = Assets.xcassets; sourceTree = "<group>"; };
		540ADC7E29ADE5010060D0F5 /* Preview Assets.xcassets */ = {isa = PBXFileReference; lastKnownFileType = folder.assetcatalog; path = "Preview Assets.xcassets"; sourceTree = "<group>"; };
		540ADC8429ADE5020060D0F5 /* photoAppTests.xctest */ = {isa = PBXFileReference; explicitFileType = wrapper.cfbundle; includeInIndex = 0; path = photoAppTests.xctest; sourceTree = BUILT_PRODUCTS_DIR; };
		540ADC8829ADE5020060D0F5 /* photoAppTests.swift */ = {isa = PBXFileReference; lastKnownFileType = sourcecode.swift; path = photoAppTests.swift; sourceTree = "<group>"; };
		540ADC8E29ADE5020060D0F5 /* photoAppUITests.xctest */ = {isa = PBXFileReference; explicitFileType = wrapper.cfbundle; includeInIndex = 0; path = photoAppUITests.xctest; sourceTree = BUILT_PRODUCTS_DIR; };
		540ADC9229ADE5020060D0F5 /* photoAppUITests.swift */ = {isa = PBXFileReference; lastKnownFileType = sourcecode.swift; path = photoAppUITests.swift; sourceTree = "<group>"; };
		540ADC9429ADE5020060D0F5 /* photoAppUITestsLaunchTests.swift */ = {isa = PBXFileReference; lastKnownFileType = sourcecode.swift; path = photoAppUITestsLaunchTests.swift; sourceTree = "<group>"; };
/* End PBXFileReference section */

/* Begin PBXFrameworksBuildPhase section */
		540ADC7129ADE5000060D0F5 /* Frameworks */ = {
			isa = PBXFrameworksBuildPhase;
			buildActionMask = 2147483647;
			files = (
			);
			runOnlyForDeploymentPostprocessing = 0;
		};
		540ADC8129ADE5020060D0F5 /* Frameworks */ = {
			isa = PBXFrameworksBuildPhase;
			buildActionMask = 2147483647;
			files = (
			);
			runOnlyForDeploymentPostprocessing = 0;
		};
		540ADC8B29ADE5020060D0F5 /* Frameworks */ = {
			isa = PBXFrameworksBuildPhase;
			buildActionMask = 2147483647;
			files = (
			);
			runOnlyForDeploymentPostprocessing = 0;
		};
/* End PBXFrameworksBuildPhase section */

/* Begin PBXGroup section */
		540ADC6B29ADE5000060D0F5 = {
			isa = PBXGroup;
			children = (
				540ADC7629ADE5000060D0F5 /* photoApp */,
				540ADC8729ADE5020060D0F5 /* photoAppTests */,
				540ADC9129ADE5020060D0F5 /* photoAppUITests */,
				540ADC7529ADE5000060D0F5 /* Products */,
			);
			sourceTree = "<group>";
		};
		540ADC7529ADE5000060D0F5 /* Products */ = {
			isa = PBXGroup;
			children = (
				540ADC7429ADE5000060D0F5 /* photoApp.app */,
				540ADC8429ADE5020060D0F5 /* photoAppTests.xctest */,
				540ADC8E29ADE5020060D0F5 /* photoAppUITests.xctest */,
			);
			name = Products;
			sourceTree = "<group>";
		};
		540ADC7629ADE5000060D0F5 /* photoApp */ = {
			isa = PBXGroup;
			children = (
				540ADC7729ADE5000060D0F5 /* photoAppApp.swift */,
				540ADC7929ADE5000060D0F5 /* ContentView.swift */,
				540ADC7B29ADE5010060D0F5 /* Assets.xcassets */,
				540ADC7D29ADE5010060D0F5 /* Preview Content */,
			);
			path = photoApp;
			sourceTree = "<group>";
		};
		540ADC7D29ADE5010060D0F5 /* Preview Content */ = {
			isa = PBXGroup;
			children = (
				540ADC7E29ADE5010060D0F5 /* Preview Assets.xcassets */,
			);
			path = "Preview Content";
			sourceTree = "<group>";
		};
		540ADC8729ADE5020060D0F5 /* photoAppTests */ = {
			isa = PBXGroup;
			children = (
				540ADC8829ADE5020060D0F5 /* photoAppTests.swift */,
			);
			path = photoAppTests;
			sourceTree = "<group>";
		};
		540ADC9129ADE5020060D0F5 /* photoAppUITests */ = {
			isa = PBXGroup;
			children = (
				540ADC9229ADE5020060D0F5 /* photoAppUITests.swift */,
				540ADC9429ADE5020060D0F5 /* photoAppUITestsLaunchTests.swift */,
			);
			path = photoAppUITests;
			sourceTree = "<group>";
		};
/* End PBXGroup section */

/* Begin PBXNativeTarget section */
		540ADC7329ADE5000060D0F5 /* photoApp */ = {
			isa = PBXNativeTarget;
			buildConfigurationList = 540ADC9829ADE5020060D0F5 /* Build configuration list for PBXNativeTarget "photoApp" */;
			buildPhases = (
				540ADC7029ADE5000060D0F5 /* Sources */,
				540ADC7129ADE5000060D0F5 /* Frameworks */,
				540ADC7229ADE5000060D0F5 /* Resources */,
			);
			buildRules = (
			);
			dependencies = (
			);
			name = photoApp;
			productName = photoApp;
			productReference = 540ADC7429ADE5000060D0F5 /* photoApp.app */;
			productType = "com.apple.product-type.application";
		};
		540ADC8329ADE5020060D0F5 /* photoAppTests */ = {
			isa = PBXNativeTarget;
			buildConfigurationList = 540ADC9B29ADE5020060D0F5 /* Build configuration list for PBXNativeTarget "photoAppTests" */;
			buildPhases = (
				540ADC8029ADE5020060D0F5 /* Sources */,
				540ADC8129ADE5020060D0F5 /* Frameworks */,
				540ADC8229ADE5020060D0F5 /* Resources */,
			);
			buildRules = (
			);
			dependencies = (
				540ADC8629ADE5020060D0F5 /* PBXTargetDependency */,
			);
			name = photoAppTests;
			productName = photoAppTests;
			productReference = 540ADC8429ADE5020060D0F5 /* photoAppTests.xctest */;
			productType = "com.apple.product-type.bundle.unit-test";
		};
		540ADC8D29ADE5020060D0F5 /* photoAppUITests */ = {
			isa = PBXNativeTarget;
			buildConfigurationList = 540ADC9E29ADE5020060D0F5 /* Build configuration list for PBXNativeTarget "photoAppUITests" */;
			buildPhases = (
				540ADC8A29ADE5020060D0F5 /* Sources */,
				540ADC8B29ADE5020060D0F5 /* Frameworks */,
				540ADC8C29ADE5020060D0F5 /* Resources */,
			);
			buildRules = (
			);
			dependencies = (
				540ADC9029ADE5020060D0F5 /* PBXTargetDependency */,
			);
			name = photoAppUITests;
			productName = photoAppUITests;
			productReference = 540ADC8E29ADE5020060D0F5 /* photoAppUITests.xctest */;
			productType = "com.apple.product-type.bundle.ui-testing";
		};
/* End PBXNativeTarget section */

/* Begin PBXProject section */
		540ADC6C29ADE5000060D0F5 /* Project object */ = {
			isa = PBXProject;
			attributes = {
				BuildIndependentTargetsInParallel = 1;
				LastSwiftUpdateCheck = 1420;
				LastUpgradeCheck = 1420;
				TargetAttributes = {
					540ADC7329ADE5000060D0F5 = {
						CreatedOnToolsVersion = 14.2;
					};
					540ADC8329ADE5020060D0F5 = {
						CreatedOnToolsVersion = 14.2;
						TestTargetID = 540ADC7329ADE5000060D0F5;
					};
					540ADC8D29ADE5020060D0F5 = {
						CreatedOnToolsVersion = 14.2;
						TestTargetID = 540ADC7329ADE5000060D0F5;
					};
				};
			};
			buildConfigurationList = 540ADC6F29ADE5000060D0F5 /* Build configuration list for PBXProject "photoApp" */;
			compatibilityVersion = "Xcode 14.0";
			developmentRegion = en;
			hasScannedForEncodings = 0;
			knownRegions = (
				en,
				Base,
			);
			mainGroup = 540ADC6B29ADE5000060D0F5;
			productRefGroup = 540ADC7529ADE5000060D0F5 /* Products */;
			projectDirPath = "";
			projectRoot = "";
			targets = (
				540ADC7329ADE5000060D0F5 /* photoApp */,
				540ADC8329ADE5020060D0F5 /* photoAppTests */,
				540ADC8D29ADE5020060D0F5 /* photoAppUITests */,
			);
		};
/* End PBXProject section */

/* Begin PBXResourcesBuildPhase section */
		540ADC7229ADE5000060D0F5 /* Resources */ = {
			isa = PBXResourcesBuildPhase;
			buildActionMask = 2147483647;
			files = (
				540ADC7F29ADE5010060D0F5 /* Preview Assets.xcassets in Resources */,
				540ADC7C29ADE5010060D0F5 /* Assets.xcassets in Resources */,
			);
			runOnlyForDeploymentPostprocessing = 0;
		};
		540ADC8229ADE5020060D0F5 /* Resources */ = {
			isa = PBXResourcesBuildPhase;
			buildActionMask = 2147483647;
			files = (
			);
			runOnlyForDeploymentPostprocessing = 0;
		};
		540ADC8C29ADE5020060D0F5 /* Resources */ = {
			isa = PBXResourcesBuildPhase;
			buildActionMask = 2147483647;
			files = (
			);
			runOnlyForDeploymentPostprocessing = 0;
		};
/* End PBXResourcesBuildPhase section */

/* Begin PBXSourcesBuildPhase section */
		540ADC7029ADE5000060D0F5 /* Sources */ = {
			isa = PBXSourcesBuildPhase;
			buildActionMask = 2147483647;
			files = (
				540ADC7A29ADE5000060D0F5 /* ContentView.swift in Sources */,
				540ADC7829ADE5000060D0F5 /* photoAppApp.swift in Sources */,
			);
			runOnlyForDeploymentPostprocessing = 0;
		};
		540ADC8029ADE5020060D0F5 /* Sources */ = {
			isa = PBXSourcesBuildPhase;
			buildActionMask = 2147483647;
			files = (
				540ADC8929ADE5020060D0F5 /* photoAppTests.swift in Sources */,
			);
			runOnlyForDeploymentPostprocessing = 0;
		};
		540ADC8A29ADE5020060D0F5 /* Sources */ = {
			isa = PBXSourcesBuildPhase;
			buildActionMask = 2147483647;
			files = (
				540ADC9529ADE5020060D0F5 /* photoAppUITestsLaunchTests.swift in Sources */,
				540ADC9329ADE5020060D0F5 /* photoAppUITests.swift in Sources */,
			);
			runOnlyForDeploymentPostprocessing = 0;
		};
/* End PBXSourcesBuildPhase section */

/* Begin PBXTargetDependency section */
		540ADC8629ADE5020060D0F5 /* PBXTargetDependency */ = {
			isa = PBXTargetDependency;
			target = 540ADC7329ADE5000060D0F5 /* photoApp */;
			targetProxy = 540ADC8529ADE5020060D0F5 /* PBXContainerItemProxy */;
		};
		540ADC9029ADE5020060D0F5 /* PBXTargetDependency */ = {
			isa = PBXTargetDependency;
			target = 540ADC7329ADE5000060D0F5 /* photoApp */;
			targetProxy = 540ADC8F29ADE5020060D0F5 /* PBXContainerItemProxy */;
		};
/* End PBXTargetDependency section */

/* Begin XCBuildConfiguration section */
		540ADC9629ADE5020060D0F5 /* Debug */ = {
			isa = XCBuildConfiguration;
			buildSettings = {
				ALWAYS_SEARCH_USER_PATHS = NO;
				CLANG_ANALYZER_NONNULL = YES;
				CLANG_ANALYZER_NUMBER_OBJECT_CONVERSION = YES_AGGRESSIVE;
				CLANG_CXX_LANGUAGE_STANDARD = "gnu++20";
				CLANG_ENABLE_MODULES = YES;
				CLANG_ENABLE_OBJC_ARC = YES;
				CLANG_ENABLE_OBJC_WEAK = YES;
				CLANG_WARN_BLOCK_CAPTURE_AUTORELEASING = YES;
				CLANG_WARN_BOOL_CONVERSION = YES;
				CLANG_WARN_COMMA = YES;
				CLANG_WARN_CONSTANT_CONVERSION = YES;
				CLANG_WARN_DEPRECATED_OBJC_IMPLEMENTATIONS = YES;
				CLANG_WARN_DIRECT_OBJC_ISA_USAGE = YES_ERROR;
				CLANG_WARN_DOCUMENTATION_COMMENTS = YES;
				CLANG_WARN_EMPTY_BODY = YES;
				CLANG_WARN_ENUM_CONVERSION = YES;
				CLANG_WARN_INFINITE_RECURSION = YES;
				CLANG_WARN_INT_CONVERSION = YES;
				CLANG_WARN_NON_LITERAL_NULL_CONVERSION = YES;
				CLANG_WARN_OBJC_IMPLICIT_RETAIN_SELF = YES;
				CLANG_WARN_OBJC_LITERAL_CONVERSION = YES;
				CLANG_WARN_OBJC_ROOT_CLASS = YES_ERROR;
				CLANG_WARN_QUOTED_INCLUDE_IN_FRAMEWORK_HEADER = YES;
				CLANG_WARN_RANGE_LOOP_ANALYSIS = YES;
				CLANG_WARN_STRICT_PROTOTYPES = YES;
				CLANG_WARN_SUSPICIOUS_MOVE = YES;
				CLANG_WARN_UNGUARDED_AVAILABILITY = YES_AGGRESSIVE;
				CLANG_WARN_UNREACHABLE_CODE = YES;
				CLANG_WARN__DUPLICATE_METHOD_MATCH = YES;
				COPY_PHASE_STRIP = NO;
				DEBUG_INFORMATION_FORMAT = dwarf;
				ENABLE_STRICT_OBJC_MSGSEND = YES;
				ENABLE_TESTABILITY = YES;
				GCC_C_LANGUAGE_STANDARD = gnu11;
				GCC_DYNAMIC_NO_PIC = NO;
				GCC_NO_COMMON_BLOCKS = YES;
				GCC_OPTIMIZATION_LEVEL = 0;
				GCC_PREPROCESSOR_DEFINITIONS = (
					"DEBUG=1",
					"$(inherited)",
				);
				GCC_WARN_64_TO_32_BIT_CONVERSION = YES;
				GCC_WARN_ABOUT_RETURN_TYPE = YES_ERROR;
				GCC_WARN_UNDECLARED_SELECTOR = YES;
				GCC_WARN_UNINITIALIZED_AUTOS = YES_AGGRESSIVE;
				GCC_WARN_UNUSED_FUNCTION = YES;
				GCC_WARN_UNUSED_VARIABLE = YES;
				IPHONEOS_DEPLOYMENT_TARGET = 16.2;
				MTL_ENABLE_DEBUG_INFO = INCLUDE_SOURCE;
				MTL_FAST_MATH = YES;
				ONLY_ACTIVE_ARCH = YES;
				SDKROOT = iphoneos;
				SWIFT_ACTIVE_COMPILATION_CONDITIONS = DEBUG;
				SWIFT_OPTIMIZATION_LEVEL = "-Onone";
			};
			name = Debug;
		};
		540ADC9729ADE5020060D0F5 /* Release */ = {
			isa = XCBuildConfiguration;
			buildSettings = {
				ALWAYS_SEARCH_USER_PATHS = NO;
				CLANG_ANALYZER_NONNULL = YES;
				CLANG_ANALYZER_NUMBER_OBJECT_CONVERSION = YES_AGGRESSIVE;
				CLANG_CXX_LANGUAGE_STANDARD = "gnu++20";
				CLANG_ENABLE_MODULES = YES;
				CLANG_ENABLE_OBJC_ARC = YES;
				CLANG_ENABLE_OBJC_WEAK = YES;
				CLANG_WARN_BLOCK_CAPTURE_AUTORELEASING = YES;
				CLANG_WARN_BOOL_CONVERSION = YES;
				CLANG_WARN_COMMA = YES;
				CLANG_WARN_CONSTANT_CONVERSION = YES;
				CLANG_WARN_DEPRECATED_OBJC_IMPLEMENTATIONS = YES;
				CLANG_WARN_DIRECT_OBJC_ISA_USAGE = YES_ERROR;
				CLANG_WARN_DOCUMENTATION_COMMENTS = YES;
				CLANG_WARN_EMPTY_BODY = YES;
				CLANG_WARN_ENUM_CONVERSION = YES;
				CLANG_WARN_INFINITE_RECURSION = YES;
				CLANG_WARN_INT_CONVERSION = YES;
				CLANG_WARN_NON_LITERAL_NULL_CONVERSION = YES;
				CLANG_WARN_OBJC_IMPLICIT_RETAIN_SELF = YES;
				CLANG_WARN_OBJC_LITERAL_CONVERSION = YES;
				CLANG_WARN_OBJC_ROOT_CLASS = YES_ERROR;
				CLANG_WARN_QUOTED_INCLUDE_IN_FRAMEWORK_HEADER = YES;
				CLANG_WARN_RANGE_LOOP_ANALYSIS = YES;
				CLANG_WARN_STRICT_PROTOTYPES = YES;
				CLANG_WARN_SUSPICIOUS_MOVE = YES;
				CLANG_WARN_UNGUARDED_AVAILABILITY = YES_AGGRESSIVE;
				CLANG_WARN_UNREACHABLE_CODE = YES;
				CLANG_WARN__DUPLICATE_METHOD_MATCH = YES;
				COPY_PHASE_STRIP = NO;
				DEBUG_INFORMATION_FORMAT = "dwarf-with-dsym";
				ENABLE_NS_ASSERTIONS = NO;
				ENABLE_STRICT_OBJC_MSGSEND = YES;
				GCC_C_LANGUAGE_STANDARD = gnu11;
				GCC_NO_COMMON_BLOCKS = YES;
				GCC_WARN_64_TO_32_BIT_CONVERSION = YES;
				GCC_WARN_ABOUT_RETURN_TYPE = YES_ERROR;
				GCC_WARN_UNDECLARED_SELECTOR = YES;
				GCC_WARN_UNINITIALIZED_AUTOS = YES_AGGRESSIVE;
				GCC_WARN_UNUSED_FUNCTION = YES;
				GCC_WARN_UNUSED_VARIABLE = YES;
				IPHONEOS_DEPLOYMENT_TARGET = 16.2;
				MTL_ENABLE_DEBUG_INFO = NO;
				MTL_FAST_MATH = YES;
				SDKROOT = iphoneos;
				SWIFT_COMPILATION_MODE = wholemodule;
				SWIFT_OPTIMIZATION_LEVEL = "-O";
				VALIDATE_PRODUCT = YES;
			};
			name = Release;
		};
		540ADC9929ADE5020060D0F5 /* Debug */ = {
			isa = XCBuildConfiguration;
			buildSettings = {
				ASSETCATALOG_COMPILER_APPICON_NAME = AppIcon;
				ASSETCATALOG_COMPILER_GLOBAL_ACCENT_COLOR_NAME = AccentColor;
				CODE_SIGN_STYLE = Automatic;
				CURRENT_PROJECT_VERSION = 1;
				DEVELOPMENT_ASSET_PATHS = "\"photoApp/Preview Content\"";
				DEVELOPMENT_TEAM = 9432A74T44;
				ENABLE_PREVIEWS = YES;
				GENERATE_INFOPLIST_FILE = YES;
				INFOPLIST_KEY_UIApplicationSceneManifest_Generation = YES;
				INFOPLIST_KEY_UIApplicationSupportsIndirectInputEvents = YES;
				INFOPLIST_KEY_UILaunchScreen_Generation = YES;
				INFOPLIST_KEY_UISupportedInterfaceOrientations_iPad = "UIInterfaceOrientationPortrait UIInterfaceOrientationPortraitUpsideDown UIInterfaceOrientationLandscapeLeft UIInterfaceOrientationLandscapeRight";
				INFOPLIST_KEY_UISupportedInterfaceOrientations_iPhone = "UIInterfaceOrientationPortrait UIInterfaceOrientationLandscapeLeft UIInterfaceOrientationLandscapeRight";
				LD_RUNPATH_SEARCH_PATHS = (
					"$(inherited)",
					"@executable_path/Frameworks",
				);
				MARKETING_VERSION = 1.0;
				PRODUCT_BUNDLE_IDENTIFIER = KEA.photoApp;
				PRODUCT_NAME = "$(TARGET_NAME)";
				SWIFT_EMIT_LOC_STRINGS = YES;
				SWIFT_VERSION = 5.0;
				TARGETED_DEVICE_FAMILY = "1,2";
			};
			name = Debug;
		};
		540ADC9A29ADE5020060D0F5 /* Release */ = {
			isa = XCBuildConfiguration;
			buildSettings = {
				ASSETCATALOG_COMPILER_APPICON_NAME = AppIcon;
				ASSETCATALOG_COMPILER_GLOBAL_ACCENT_COLOR_NAME = AccentColor;
				CODE_SIGN_STYLE = Automatic;
				CURRENT_PROJECT_VERSION = 1;
				DEVELOPMENT_ASSET_PATHS = "\"photoApp/Preview Content\"";
				DEVELOPMENT_TEAM = 9432A74T44;
				ENABLE_PREVIEWS = YES;
				GENERATE_INFOPLIST_FILE = YES;
				INFOPLIST_KEY_UIApplicationSceneManifest_Generation = YES;
				INFOPLIST_KEY_UIApplicationSupportsIndirectInputEvents = YES;
				INFOPLIST_KEY_UILaunchScreen_Generation = YES;
				INFOPLIST_KEY_UISupportedInterfaceOrientations_iPad = "UIInterfaceOrientationPortrait UIInterfaceOrientationPortraitUpsideDown UIInterfaceOrientationLandscapeLeft UIInterfaceOrientationLandscapeRight";
				INFOPLIST_KEY_UISupportedInterfaceOrientations_iPhone = "UIInterfaceOrientationPortrait UIInterfaceOrientationLandscapeLeft UIInterfaceOrientationLandscapeRight";
				LD_RUNPATH_SEARCH_PATHS = (
					"$(inherited)",
					"@executable_path/Frameworks",
				);
				MARKETING_VERSION = 1.0;
				PRODUCT_BUNDLE_IDENTIFIER = KEA.photoApp;
				PRODUCT_NAME = "$(TARGET_NAME)";
				SWIFT_EMIT_LOC_STRINGS = YES;
				SWIFT_VERSION = 5.0;
				TARGETED_DEVICE_FAMILY = "1,2";
			};
			name = Release;
		};
		540ADC9C29ADE5020060D0F5 /* Debug */ = {
			isa = XCBuildConfiguration;
			buildSettings = {
				ALWAYS_EMBED_SWIFT_STANDARD_LIBRARIES = YES;
				BUNDLE_LOADER = "$(TEST_HOST)";
				CODE_SIGN_STYLE = Automatic;
				CURRENT_PROJECT_VERSION = 1;
				DEVELOPMENT_TEAM = 9432A74T44;
				GENERATE_INFOPLIST_FILE = YES;
				IPHONEOS_DEPLOYMENT_TARGET = 16.2;
				MARKETING_VERSION = 1.0;
				PRODUCT_BUNDLE_IDENTIFIER = KEA.photoAppTests;
				PRODUCT_NAME = "$(TARGET_NAME)";
				SWIFT_EMIT_LOC_STRINGS = NO;
				SWIFT_VERSION = 5.0;
				TARGETED_DEVICE_FAMILY = "1,2";
				TEST_HOST = "$(BUILT_PRODUCTS_DIR)/photoApp.app/$(BUNDLE_EXECUTABLE_FOLDER_PATH)/photoApp";
			};
			name = Debug;
		};
		540ADC9D29ADE5020060D0F5 /* Release */ = {
			isa = XCBuildConfiguration;
			buildSettings = {
				ALWAYS_EMBED_SWIFT_STANDARD_LIBRARIES = YES;
				BUNDLE_LOADER = "$(TEST_HOST)";
				CODE_SIGN_STYLE = Automatic;
				CURRENT_PROJECT_VERSION = 1;
				DEVELOPMENT_TEAM = 9432A74T44;
				GENERATE_INFOPLIST_FILE = YES;
				IPHONEOS_DEPLOYMENT_TARGET = 16.2;
				MARKETING_VERSION = 1.0;
				PRODUCT_BUNDLE_IDENTIFIER = KEA.photoAppTests;
				PRODUCT_NAME = "$(TARGET_NAME)";
				SWIFT_EMIT_LOC_STRINGS = NO;
				SWIFT_VERSION = 5.0;
				TARGETED_DEVICE_FAMILY = "1,2";
				TEST_HOST = "$(BUILT_PRODUCTS_DIR)/photoApp.app/$(BUNDLE_EXECUTABLE_FOLDER_PATH)/photoApp";
			};
			name = Release;
		};
		540ADC9F29ADE5020060D0F5 /* Debug */ = {
			isa = XCBuildConfiguration;
			buildSettings = {
				ALWAYS_EMBED_SWIFT_STANDARD_LIBRARIES = YES;
				CODE_SIGN_STYLE = Automatic;
				CURRENT_PROJECT_VERSION = 1;
				DEVELOPMENT_TEAM = 9432A74T44;
				GENERATE_INFOPLIST_FILE = YES;
				MARKETING_VERSION = 1.0;
				PRODUCT_BUNDLE_IDENTIFIER = KEA.photoAppUITests;
				PRODUCT_NAME = "$(TARGET_NAME)";
				SWIFT_EMIT_LOC_STRINGS = NO;
				SWIFT_VERSION = 5.0;
				TARGETED_DEVICE_FAMILY = "1,2";
				TEST_TARGET_NAME = photoApp;
			};
			name = Debug;
		};
		540ADCA029ADE5020060D0F5 /* Release */ = {
			isa = XCBuildConfiguration;
			buildSettings = {
				ALWAYS_EMBED_SWIFT_STANDARD_LIBRARIES = YES;
				CODE_SIGN_STYLE = Automatic;
				CURRENT_PROJECT_VERSION = 1;
				DEVELOPMENT_TEAM = 9432A74T44;
				GENERATE_INFOPLIST_FILE = YES;
				MARKETING_VERSION = 1.0;
				PRODUCT_BUNDLE_IDENTIFIER = KEA.photoAppUITests;
				PRODUCT_NAME = "$(TARGET_NAME)";
				SWIFT_EMIT_LOC_STRINGS = NO;
				SWIFT_VERSION = 5.0;
				TARGETED_DEVICE_FAMILY = "1,2";
				TEST_TARGET_NAME = photoApp;
			};
			name = Release;
		};
/* End XCBuildConfiguration section */

/* Begin XCConfigurationList section */
		540ADC6F29ADE5000060D0F5 /* Build configuration list for PBXProject "photoApp" */ = {
			isa = XCConfigurationList;
			buildConfigurations = (
				540ADC9629ADE5020060D0F5 /* Debug */,
				540ADC9729ADE5020060D0F5 /* Release */,
			);
			defaultConfigurationIsVisible = 0;
			defaultConfigurationName = Release;
		};
		540ADC9829ADE5020060D0F5 /* Build configuration list for PBXNativeTarget "photoApp" */ = {
			isa = XCConfigurationList;
			buildConfigurations = (
				540ADC9929ADE5020060D0F5 /* Debug */,
				540ADC9A29ADE5020060D0F5 /* Release */,
			);
			defaultConfigurationIsVisible = 0;
			defaultConfigurationName = Release;
		};
		540ADC9B29ADE5020060D0F5 /* Build configuration list for PBXNativeTarget "photoAppTests" */ = {
			isa = XCConfigurationList;
			buildConfigurations = (
				540ADC9C29ADE5020060D0F5 /* Debug */,
				540ADC9D29ADE5020060D0F5 /* Release */,
			);
			defaultConfigurationIsVisible = 0;
			defaultConfigurationName = Release;
		};
		540ADC9E29ADE5020060D0F5 /* Build configuration list for PBXNativeTarget "photoAppUITests" */ = {
			isa = XCConfigurationList;
			buildConfigurations = (
				540ADC9F29ADE5020060D0F5 /* Debug */,
				540ADCA029ADE5020060D0F5 /* Release */,
			);
			defaultConfigurationIsVisible = 0;
			defaultConfigurationName = Release;
		};
/* End XCConfigurationList section */
	};
	rootObject = 540ADC6C29ADE5000060D0F5 /* Project object */;
}
